
Microsoft Visual Studio Solution File, Format Version 12.00
# Visual Studio Version 17
VisualStudioVersion = 17.6.33723.286
MinimumVisualStudioVersion = 10.0.40219.1
Project("{FAE04EC0-301F-11D3-BF4B-00C04F79EFBC}") = "LAB3Library1", "LAB3Library1\LAB3Library1.csproj", "{2DF117C3-2392-4566-AC38-4D13EF1DBFC9}"
EndProject
Project("{FAE04EC0-301F-11D3-BF4B-00C04F79EFBC}") = "ManagmentLibraryTest", "ManagmentLibraryTest\ManagmentLibraryTest.csproj", "{78D78E8A-CA76-4EF1-8270-2B5097ABE2C7}"
EndProject
Global
	GlobalSection(SolutionConfigurationPlatforms) = preSolution
		Debug|Any CPU = Debug|Any CPU
		Release|Any CPU = Release|Any CPU
	EndGlobalSection
	GlobalSection(ProjectConfigurationPlatforms) = postSolution
		{2DF117C3-2392-4566-AC38-4D13EF1DBFC9}.Debug|Any CPU.ActiveCfg = Debug|Any CPU
		{2DF117C3-2392-4566-AC38-4D13EF1DBFC9}.Debug|Any CPU.Build.0 = Debug|Any CPU
		{2DF117C3-2392-4566-AC38-4D13EF1DBFC9}.Release|Any CPU.ActiveCfg = Release|Any CPU
		{2DF117C3-2392-4566-AC38-4D13EF1DBFC9}.Release|Any CPU.Build.0 = Release|Any CPU
		{78D78E8A-CA76-4EF1-8270-2B5097ABE2C7}.Debug|Any CPU.ActiveCfg = Debug|Any CPU
		{78D78E8A-CA76-4EF1-8270-2B5097ABE2C7}.Debug|Any CPU.Build.0 = Debug|Any CPU
		{78D78E8A-CA76-4EF1-8270-2B5097ABE2C7}.Release|Any CPU.ActiveCfg = Release|Any CPU
		{78D78E8A-CA76-4EF1-8270-2B5097ABE2C7}.Release|Any CPU.Build.0 = Release|Any CPU
	EndGlobalSection
	GlobalSection(SolutionProperties) = preSolution
		HideSolutionNode = FALSE
	EndGlobalSection
	GlobalSection(ExtensibilityGlobals) = postSolution
		SolutionGuid = {779BB761-9F55-48CD-AA81-6A63E4FCF83E}
	EndGlobalSection
EndGlobal
