
Microsoft Visual Studio Solution File, Format Version 12.00
# Visual Studio Version 17
VisualStudioVersion = 17.6.33723.286
MinimumVisualStudioVersion = 10.0.40219.1
Project("{FAE04EC0-301F-11D3-BF4B-00C04F79EFBC}") = "Lab4", "Lab4\Lab4.csproj", "{34214865-51BC-4562-A6FE-14B473AF383B}"
EndProject
Global
	GlobalSection(SolutionConfigurationPlatforms) = preSolution
		Debug|Any CPU = Debug|Any CPU
		Release|Any CPU = Release|Any CPU
	EndGlobalSection
	GlobalSection(ProjectConfigurationPlatforms) = postSolution
		{34214865-51BC-4562-A6FE-14B473AF383B}.Debug|Any CPU.ActiveCfg = Debug|Any CPU
		{34214865-51BC-4562-A6FE-14B473AF383B}.Debug|Any CPU.Build.0 = Debug|Any CPU
		{34214865-51BC-4562-A6FE-14B473AF383B}.Release|Any CPU.ActiveCfg = Release|Any CPU
		{34214865-51BC-4562-A6FE-14B473AF383B}.Release|Any CPU.Build.0 = Release|Any CPU
	EndGlobalSection
	GlobalSection(SolutionProperties) = preSolution
		HideSolutionNode = FALSE
	EndGlobalSection
	GlobalSection(ExtensibilityGlobals) = postSolution
		SolutionGuid = {707324B7-5C16-4B9F-82E5-9DF506460998}
	EndGlobalSection
EndGlobal
